
Microsoft Visual Studio Solution File, Format Version 12.00
# Visual Studio Version 16
VisualStudioVersion = 16.0.30517.126
MinimumVisualStudioVersion = 10.0.40219.1
Project("{FAE04EC0-301F-11D3-BF4B-00C04F79EFBC}") = "ConsultaSaldos", "ConsultaSaldos.csproj", "{32756311-9262-4D38-A0C5-5D6BD4BBEB92}"
EndProject
Global
	GlobalSection(SolutionConfigurationPlatforms) = preSolution
		Debug|Any CPU = Debug|Any CPU
		Release|Any CPU = Release|Any CPU
	EndGlobalSection
	GlobalSection(ProjectConfigurationPlatforms) = postSolution
		{32756311-9262-4D38-A0C5-5D6BD4BBEB92}.Debug|Any CPU.ActiveCfg = Debug|Any CPU
		{32756311-9262-4D38-A0C5-5D6BD4BBEB92}.Debug|Any CPU.Build.0 = Debug|Any CPU
		{32756311-9262-4D38-A0C5-5D6BD4BBEB92}.Release|Any CPU.ActiveCfg = Release|Any CPU
		{32756311-9262-4D38-A0C5-5D6BD4BBEB92}.Release|Any CPU.Build.0 = Release|Any CPU
	EndGlobalSection
	GlobalSection(SolutionProperties) = preSolution
		HideSolutionNode = FALSE
	EndGlobalSection
	GlobalSection(ExtensibilityGlobals) = postSolution
		SolutionGuid = {FD29F6B0-2416-4CE2-B637-4F6CA132E5EE}
	EndGlobalSection
EndGlobal
